
Microsoft Visual Studio Solution File, Format Version 12.00
# Visual Studio Version 16
VisualStudioVersion = 16.0.29728.190
MinimumVisualStudioVersion = 10.0.40219.1
Project("{9A19103F-16F7-4668-BE54-9A1E7A4F7556}") = "ServiceStation", "ServiceStation\ServiceStation.csproj", "{3DE63119-3B20-4F80-9072-FA55BE3E4D4E}"
EndProject
Project("{FAE04EC0-301F-11D3-BF4B-00C04F79EFBC}") = "ServiceStation.Core", "..\ServiceStation.Core\ServiceStation.Core\ServiceStation.Core.csproj", "{631216E2-3007-4268-97E4-D988D4132D54}"
EndProject
Global
	GlobalSection(SolutionConfigurationPlatforms) = preSolution
		Debug|Any CPU = Debug|Any CPU
		Release|Any CPU = Release|Any CPU
	EndGlobalSection
	GlobalSection(ProjectConfigurationPlatforms) = postSolution
		{3DE63119-3B20-4F80-9072-FA55BE3E4D4E}.Debug|Any CPU.ActiveCfg = Debug|Any CPU
		{3DE63119-3B20-4F80-9072-FA55BE3E4D4E}.Debug|Any CPU.Build.0 = Debug|Any CPU
		{3DE63119-3B20-4F80-9072-FA55BE3E4D4E}.Release|Any CPU.ActiveCfg = Release|Any CPU
		{3DE63119-3B20-4F80-9072-FA55BE3E4D4E}.Release|Any CPU.Build.0 = Release|Any CPU
		{631216E2-3007-4268-97E4-D988D4132D54}.Debug|Any CPU.ActiveCfg = Debug|Any CPU
		{631216E2-3007-4268-97E4-D988D4132D54}.Debug|Any CPU.Build.0 = Debug|Any CPU
		{631216E2-3007-4268-97E4-D988D4132D54}.Release|Any CPU.ActiveCfg = Release|Any CPU
		{631216E2-3007-4268-97E4-D988D4132D54}.Release|Any CPU.Build.0 = Release|Any CPU
	EndGlobalSection
	GlobalSection(SolutionProperties) = preSolution
		HideSolutionNode = FALSE
	EndGlobalSection
	GlobalSection(ExtensibilityGlobals) = postSolution
		SolutionGuid = {E4885057-2A33-4300-AE0C-0AD2A6276CF3}
	EndGlobalSection
EndGlobal
